
Microsoft Visual Studio Solution File, Format Version 12.00
# Visual Studio Version 16
VisualStudioVersion = 16.0.30523.141
MinimumVisualStudioVersion = 10.0.40219.1
Project("{FAE04EC0-301F-11D3-BF4B-00C04F79EFBC}") = "Hangman", "Hangman\Hangman.csproj", "{690D374D-EA2A-4D22-8867-060E6910C165}"
EndProject
Global
	GlobalSection(SolutionConfigurationPlatforms) = preSolution
		Debug|Any CPU = Debug|Any CPU
		Release|Any CPU = Release|Any CPU
	EndGlobalSection
	GlobalSection(ProjectConfigurationPlatforms) = postSolution
		{690D374D-EA2A-4D22-8867-060E6910C165}.Debug|Any CPU.ActiveCfg = Debug|Any CPU
		{690D374D-EA2A-4D22-8867-060E6910C165}.Debug|Any CPU.Build.0 = Debug|Any CPU
		{690D374D-EA2A-4D22-8867-060E6910C165}.Release|Any CPU.ActiveCfg = Release|Any CPU
		{690D374D-EA2A-4D22-8867-060E6910C165}.Release|Any CPU.Build.0 = Release|Any CPU
	EndGlobalSection
	GlobalSection(SolutionProperties) = preSolution
		HideSolutionNode = FALSE
	EndGlobalSection
	GlobalSection(ExtensibilityGlobals) = postSolution
		SolutionGuid = {E44F8D38-6A02-424F-BD1A-ED2F7E06E549}
	EndGlobalSection
EndGlobal
